
Microsoft Visual Studio Solution File, Format Version 12.00
# Visual Studio Version 17
VisualStudioVersion = 17.3.32922.545
MinimumVisualStudioVersion = 10.0.40219.1
Project("{FAE04EC0-301F-11D3-BF4B-00C04F79EFBC}") = "MayoristaEstrella03", "MayoristaEstrella03\MayoristaEstrella03.csproj", "{2B2D9D24-1375-4BB8-A355-70F7F57977FB}"
EndProject
Global
	GlobalSection(SolutionConfigurationPlatforms) = preSolution
		Debug|Any CPU = Debug|Any CPU
		Release|Any CPU = Release|Any CPU
	EndGlobalSection
	GlobalSection(ProjectConfigurationPlatforms) = postSolution
		{2B2D9D24-1375-4BB8-A355-70F7F57977FB}.Debug|Any CPU.ActiveCfg = Debug|Any CPU
		{2B2D9D24-1375-4BB8-A355-70F7F57977FB}.Debug|Any CPU.Build.0 = Debug|Any CPU
		{2B2D9D24-1375-4BB8-A355-70F7F57977FB}.Release|Any CPU.ActiveCfg = Release|Any CPU
		{2B2D9D24-1375-4BB8-A355-70F7F57977FB}.Release|Any CPU.Build.0 = Release|Any CPU
	EndGlobalSection
	GlobalSection(SolutionProperties) = preSolution
		HideSolutionNode = FALSE
	EndGlobalSection
	GlobalSection(ExtensibilityGlobals) = postSolution
		SolutionGuid = {73F2DE06-F3D3-4F2D-84B7-15E80BF57972}
	EndGlobalSection
EndGlobal
